
Microsoft Visual Studio Solution File, Format Version 12.00
# Visual Studio 15
VisualStudioVersion = 15.0.27130.2020
MinimumVisualStudioVersion = 10.0.40219.1
Project("{FAE04EC0-301F-11D3-BF4B-00C04F79EFBC}") = "SokoGrump.Data", "SokoGrump.Data\SokoGrump.Data.csproj", "{D94E4C25-C247-46EF-B86E-C9CF46ABC052}"
EndProject
Project("{FAE04EC0-301F-11D3-BF4B-00C04F79EFBC}") = "SokoGrump", "SokoGrump\SokoGrump.csproj", "{9ED09BD5-16EA-44C1-AD7D-CC7CC9CAF6EA}"
EndProject
Project("{FAE04EC0-301F-11D3-BF4B-00C04F79EFBC}") = "SokoGrump.GameLogic", "SokoGrump.GameLogic\SokoGrump.GameLogic.csproj", "{9893E1EE-CB27-4B3F-9A44-3616F26AE225}"
EndProject
Project("{FAE04EC0-301F-11D3-BF4B-00C04F79EFBC}") = "SokoGrump.Models", "SokoGrump.Models\SokoGrump.Models.csproj", "{59B4B0B9-0D60-4615-893B-71C3095A6572}"
EndProject
Project("{FAE04EC0-301F-11D3-BF4B-00C04F79EFBC}") = "SokoGrump.Settings", "SokoGrump.Settings\SokoGrump.Settings.csproj", "{51892F44-E2FF-4CD2-B3ED-50DA6CE6168F}"
EndProject
Project("{FAE04EC0-301F-11D3-BF4B-00C04F79EFBC}") = "SokoGrump.Gui", "SokoGrump.Gui\SokoGrump.Gui.csproj", "{A2A6488E-8098-4650-A245-219C351496A9}"
EndProject
Project("{FAE04EC0-301F-11D3-BF4B-00C04F79EFBC}") = "SokoGrump.DataAccess", "SokoGrump.DataAccess\SokoGrump.DataAccess.csproj", "{6C01BBE3-CD3F-49FB-89D2-531A58A737E5}"
EndProject
Global
	GlobalSection(SolutionConfigurationPlatforms) = preSolution
		Debug|Any CPU = Debug|Any CPU
		Debug|x86 = Debug|x86
		Release|Any CPU = Release|Any CPU
		Release|x86 = Release|x86
	EndGlobalSection
	GlobalSection(ProjectConfigurationPlatforms) = postSolution
		{D94E4C25-C247-46EF-B86E-C9CF46ABC052}.Debug|Any CPU.ActiveCfg = Debug|Any CPU
		{D94E4C25-C247-46EF-B86E-C9CF46ABC052}.Debug|Any CPU.Build.0 = Debug|Any CPU
		{D94E4C25-C247-46EF-B86E-C9CF46ABC052}.Debug|x86.ActiveCfg = Debug|Any CPU
		{D94E4C25-C247-46EF-B86E-C9CF46ABC052}.Debug|x86.Build.0 = Debug|Any CPU
		{D94E4C25-C247-46EF-B86E-C9CF46ABC052}.Release|Any CPU.ActiveCfg = Release|Any CPU
		{D94E4C25-C247-46EF-B86E-C9CF46ABC052}.Release|Any CPU.Build.0 = Release|Any CPU
		{D94E4C25-C247-46EF-B86E-C9CF46ABC052}.Release|x86.ActiveCfg = Release|Any CPU
		{D94E4C25-C247-46EF-B86E-C9CF46ABC052}.Release|x86.Build.0 = Release|Any CPU
		{9ED09BD5-16EA-44C1-AD7D-CC7CC9CAF6EA}.Debug|Any CPU.ActiveCfg = Debug|x86
		{9ED09BD5-16EA-44C1-AD7D-CC7CC9CAF6EA}.Debug|Any CPU.Build.0 = Debug|x86
		{9ED09BD5-16EA-44C1-AD7D-CC7CC9CAF6EA}.Debug|x86.ActiveCfg = Debug|x86
		{9ED09BD5-16EA-44C1-AD7D-CC7CC9CAF6EA}.Debug|x86.Build.0 = Debug|x86
		{9ED09BD5-16EA-44C1-AD7D-CC7CC9CAF6EA}.Release|Any CPU.ActiveCfg = Release|x86
		{9ED09BD5-16EA-44C1-AD7D-CC7CC9CAF6EA}.Release|Any CPU.Build.0 = Release|x86
		{9ED09BD5-16EA-44C1-AD7D-CC7CC9CAF6EA}.Release|x86.ActiveCfg = Release|x86
		{9ED09BD5-16EA-44C1-AD7D-CC7CC9CAF6EA}.Release|x86.Build.0 = Release|x86
		{9893E1EE-CB27-4B3F-9A44-3616F26AE225}.Debug|Any CPU.ActiveCfg = Debug|Any CPU
		{9893E1EE-CB27-4B3F-9A44-3616F26AE225}.Debug|Any CPU.Build.0 = Debug|Any CPU
		{9893E1EE-CB27-4B3F-9A44-3616F26AE225}.Debug|x86.ActiveCfg = Debug|Any CPU
		{9893E1EE-CB27-4B3F-9A44-3616F26AE225}.Debug|x86.Build.0 = Debug|Any CPU
		{9893E1EE-CB27-4B3F-9A44-3616F26AE225}.Release|Any CPU.ActiveCfg = Release|Any CPU
		{9893E1EE-CB27-4B3F-9A44-3616F26AE225}.Release|Any CPU.Build.0 = Release|Any CPU
		{9893E1EE-CB27-4B3F-9A44-3616F26AE225}.Release|x86.ActiveCfg = Release|Any CPU
		{9893E1EE-CB27-4B3F-9A44-3616F26AE225}.Release|x86.Build.0 = Release|Any CPU
		{59B4B0B9-0D60-4615-893B-71C3095A6572}.Debug|Any CPU.ActiveCfg = Debug|Any CPU
		{59B4B0B9-0D60-4615-893B-71C3095A6572}.Debug|Any CPU.Build.0 = Debug|Any CPU
		{59B4B0B9-0D60-4615-893B-71C3095A6572}.Debug|x86.ActiveCfg = Debug|Any CPU
		{59B4B0B9-0D60-4615-893B-71C3095A6572}.Debug|x86.Build.0 = Debug|Any CPU
		{59B4B0B9-0D60-4615-893B-71C3095A6572}.Release|Any CPU.ActiveCfg = Release|Any CPU
		{59B4B0B9-0D60-4615-893B-71C3095A6572}.Release|Any CPU.Build.0 = Release|Any CPU
		{59B4B0B9-0D60-4615-893B-71C3095A6572}.Release|x86.ActiveCfg = Release|Any CPU
		{59B4B0B9-0D60-4615-893B-71C3095A6572}.Release|x86.Build.0 = Release|Any CPU
		{51892F44-E2FF-4CD2-B3ED-50DA6CE6168F}.Debug|Any CPU.ActiveCfg = Debug|Any CPU
		{51892F44-E2FF-4CD2-B3ED-50DA6CE6168F}.Debug|Any CPU.Build.0 = Debug|Any CPU
		{51892F44-E2FF-4CD2-B3ED-50DA6CE6168F}.Debug|x86.ActiveCfg = Debug|Any CPU
		{51892F44-E2FF-4CD2-B3ED-50DA6CE6168F}.Debug|x86.Build.0 = Debug|Any CPU
		{51892F44-E2FF-4CD2-B3ED-50DA6CE6168F}.Release|Any CPU.ActiveCfg = Release|Any CPU
		{51892F44-E2FF-4CD2-B3ED-50DA6CE6168F}.Release|Any CPU.Build.0 = Release|Any CPU
		{51892F44-E2FF-4CD2-B3ED-50DA6CE6168F}.Release|x86.ActiveCfg = Release|Any CPU
		{51892F44-E2FF-4CD2-B3ED-50DA6CE6168F}.Release|x86.Build.0 = Release|Any CPU
		{A2A6488E-8098-4650-A245-219C351496A9}.Debug|Any CPU.ActiveCfg = Debug|Any CPU
		{A2A6488E-8098-4650-A245-219C351496A9}.Debug|Any CPU.Build.0 = Debug|Any CPU
		{A2A6488E-8098-4650-A245-219C351496A9}.Debug|x86.ActiveCfg = Debug|Any CPU
		{A2A6488E-8098-4650-A245-219C351496A9}.Debug|x86.Build.0 = Debug|Any CPU
		{A2A6488E-8098-4650-A245-219C351496A9}.Release|Any CPU.ActiveCfg = Release|Any CPU
		{A2A6488E-8098-4650-A245-219C351496A9}.Release|Any CPU.Build.0 = Release|Any CPU
		{A2A6488E-8098-4650-A245-219C351496A9}.Release|x86.ActiveCfg = Release|Any CPU
		{A2A6488E-8098-4650-A245-219C351496A9}.Release|x86.Build.0 = Release|Any CPU
		{6C01BBE3-CD3F-49FB-89D2-531A58A737E5}.Debug|Any CPU.ActiveCfg = Debug|Any CPU
		{6C01BBE3-CD3F-49FB-89D2-531A58A737E5}.Debug|Any CPU.Build.0 = Debug|Any CPU
		{6C01BBE3-CD3F-49FB-89D2-531A58A737E5}.Debug|x86.ActiveCfg = Debug|Any CPU
		{6C01BBE3-CD3F-49FB-89D2-531A58A737E5}.Debug|x86.Build.0 = Debug|Any CPU
		{6C01BBE3-CD3F-49FB-89D2-531A58A737E5}.Release|Any CPU.ActiveCfg = Release|Any CPU
		{6C01BBE3-CD3F-49FB-89D2-531A58A737E5}.Release|Any CPU.Build.0 = Release|Any CPU
		{6C01BBE3-CD3F-49FB-89D2-531A58A737E5}.Release|x86.ActiveCfg = Release|Any CPU
		{6C01BBE3-CD3F-49FB-89D2-531A58A737E5}.Release|x86.Build.0 = Release|Any CPU
	EndGlobalSection
	GlobalSection(SolutionProperties) = preSolution
		HideSolutionNode = FALSE
	EndGlobalSection
	GlobalSection(ExtensibilityGlobals) = postSolution
		SolutionGuid = {D5A17B7A-CA19-4B65-A35A-F18609B839A2}
	EndGlobalSection
EndGlobal
